
Microsoft Visual Studio Solution File, Format Version 12.00
# Visual Studio Version 17
VisualStudioVersion = 17.9.34701.34
MinimumVisualStudioVersion = 10.0.40219.1
Project("{FAE04EC0-301F-11D3-BF4B-00C04F79EFBC}") = "PatientManagement", "PatientManagement\PatientManagement.csproj", "{B750B28C-2298-41A0-8793-5E57709AB676}"
EndProject
Global
	GlobalSection(SolutionConfigurationPlatforms) = preSolution
		Debug|Any CPU = Debug|Any CPU
		Release|Any CPU = Release|Any CPU
	EndGlobalSection
	GlobalSection(ProjectConfigurationPlatforms) = postSolution
		{B750B28C-2298-41A0-8793-5E57709AB676}.Debug|Any CPU.ActiveCfg = Debug|Any CPU
		{B750B28C-2298-41A0-8793-5E57709AB676}.Debug|Any CPU.Build.0 = Debug|Any CPU
		{B750B28C-2298-41A0-8793-5E57709AB676}.Release|Any CPU.ActiveCfg = Release|Any CPU
		{B750B28C-2298-41A0-8793-5E57709AB676}.Release|Any CPU.Build.0 = Release|Any CPU
	EndGlobalSection
	GlobalSection(SolutionProperties) = preSolution
		HideSolutionNode = FALSE
	EndGlobalSection
	GlobalSection(ExtensibilityGlobals) = postSolution
		SolutionGuid = {2AD7C080-4705-4907-807F-79FFCC7032BC}
	EndGlobalSection
EndGlobal
